<?xml version="1.0" encoding="UTF-8" standalone="yes" ?>
<CodeBlocks_project_file>
	<FileVersion major="1" minor="6" />
	<Project>
		<Option title="Notelist" />
		<Option pch_mode="2" />
		<Option compiler="gcc" />
		<Build>
			<Target title="Debug Win32">
				<Option output="$(#BSHOME)/Lib/NotelistD.a" prefix_auto="0" extension_auto="0" />
				<Option working_dir="" />
				<Option object_output="gccDebug" />
				<Option type="2" />
				<Option compiler="gcc" />
				<Option createDefFile="1" />
				<Compiler>
					<Add option="-g" />
					<Add option="-W" />
					<Add option="-O0" />
					<Add option="-DWIN32" />
					<Add option="-D_DEBUG" />
					<Add option="-D_LIB" />
					<Add option="-D_WINDOWS" />
					<Add option="-DUSE_TINYXML" />
					<Add directory="$(#BSHOME)/Include" />
				</Compiler>
			</Target>
			<Target title="Release Win32">
				<Option output="$(#BSHOME)/Lib/Notelist.a" prefix_auto="0" extension_auto="0" />
				<Option working_dir="" />
				<Option object_output="gccRelease" />
				<Option type="2" />
				<Option compiler="gcc" />
				<Option createDefFile="1" />
				<Compiler>
					<Add option="-O2" />
					<Add option="-W" />
					<Add option="-DWIN32" />
					<Add option="-DNDEBUG" />
					<Add option="-D_LIB" />
					<Add option="-D_WINDOWS" />
					<Add option="-DUSE_TINYXML" />
					<Add directory="$(#BSHOME)/Include" />
				</Compiler>
			</Target>
			<Target title="Debug UNIX">
				<Option output="$(#BSHOME)/Lib/NotelistD.a" prefix_auto="0" extension_auto="0" />
				<Option working_dir="" />
				<Option object_output="gccDebug" />
				<Option type="2" />
				<Option compiler="gcc" />
				<Option createDefFile="1" />
				<Compiler>
					<Add option="-O2" />
					<Add option="-g" />
					<Add option="-W" />
					<Add option="-DUNIX" />
					<Add option="-DDEBUG" />
					<Add option="-DUSE_TINYXML" />
					<Add option="-DGCC" />
					<Add directory="$(#BSHOME)/Include" />
				</Compiler>
			</Target>
			<Target title="Release UNIX">
				<Option output="$(#BSHOME)/Lib/Notelist.a" prefix_auto="0" extension_auto="0" />
				<Option working_dir="" />
				<Option object_output="gccRelease" />
				<Option type="2" />
				<Option compiler="gcc" />
				<Option createDefFile="1" />
				<Compiler>
					<Add option="-O2" />
					<Add option="-W" />
					<Add option="-DUNIX" />
					<Add option="-DNDEBUG" />
					<Add option="-DUSE_TINYXML" />
					<Add option="-DGCC" />
					<Add directory="$(#BSHOME)/Include" />
				</Compiler>
			</Target>
		</Build>
		<Unit filename="Converter.cpp" />
		<Unit filename="Converter.h" />
		<Unit filename="ConverterSCO.cpp" />
		<Unit filename="ConverterSCO.h" />
		<Unit filename="Generate.cpp" />
		<Unit filename="Generate.h" />
		<Unit filename="Lex.cpp" />
		<Unit filename="Lex.h" />
		<Unit filename="NLConvert.h" />
		<Unit filename="Parser.cpp" />
		<Unit filename="Parser.h" />
		<Unit filename="ScriptEngine.h" />
		<Extensions>
			<code_completion />
			<debugger />
		</Extensions>
	</Project>
</CodeBlocks_project_file>
